<?xml version="1.0" encoding="utf-8"?>
<Project ToolsVersion="4.0" xmlns="http://schemas.microsoft.com/developer/msbuild/2003">
  <ItemGroup>
    <Filter Include="Source Files">
      <UniqueIdentifier>{4FC737F1-C7A5-4376-A066-2A32D752A2FF}</UniqueIdentifier>
      <Extensions>cpp;c;cc;cxx;def;odl;idl;hpj;bat;asm;asmx</Extensions>
    </Filter>
    <Filter Include="Header Files">
      <UniqueIdentifier>{93995380-89BD-4b04-88EB-625FBE52EBFB}</UniqueIdentifier>
      <Extensions>h;hh;hpp;hxx;hm;inl;inc;xsd</Extensions>
    </Filter>
    <Filter Include="Resource Files">
      <UniqueIdentifier>{67DA6AB6-F800-4c08-8B7A-83BB121AAD01}</UniqueIdentifier>
      <Extensions>rc;ico;cur;bmp;dlg;rc2;rct;bin;rgs;gif;jpg;jpeg;jpe;resx;tiff;tif;png;wav</Extensions>
    </Filter>
  </ItemGroup>
  <ItemGroup>
    <ClCompile Include="CloseDebugDevice.cpp">
      <Filter>Source Files</Filter>
    </ClCompile>
    <ClCompile Include="ClosePort.cpp">
      <Filter>Source Files</Filter>
    </ClCompile>
    <ClCompile Include="Dbg2dmpprintf.cpp">
      <Filter>Source Files</Filter>
    </ClCompile>
    <ClCompile Include="Dbgdmpprintf.cpp">
      <Filter>Source Files</Filter>
    </ClCompile>
    <ClCompile Include="Dbgprintf.cpp">
      <Filter>Source Files</Filter>
    </ClCompile>
    <ClCompile Include="debugCheckflags.cpp">
      <Filter>Source Files</Filter>
    </ClCompile>
    <ClCompile Include="debugpointer2str.cpp">
      <Filter>Source Files</Filter>
    </ClCompile>
    <ClCompile Include="debugpointertest.cpp">
      <Filter>Source Files</Filter>
    </ClCompile>
    <ClCompile Include="debugSetDBLevel.cpp">
      <Filter>Source Files</Filter>
    </ClCompile>
    <ClCompile Include="debug_close.cpp">
      <Filter>Source Files</Filter>
    </ClCompile>
    <ClCompile Include="debug_dump_fmt.cpp">
      <Filter>Source Files</Filter>
    </ClCompile>
    <ClCompile Include="debug_dump_stuff_f.cpp">
      <Filter>Source Files</Filter>
    </ClCompile>
    <ClCompile Include="debug_dump_stuff_msg.cpp">
      <Filter>Source Files</Filter>
    </ClCompile>
    <ClCompile Include="debug_dump_stuff_msg_f.cpp">
      <Filter>Source Files</Filter>
    </ClCompile>
    <ClCompile Include="debug_dump_stuff_noeol_f.cpp">
      <Filter>Source Files</Filter>
    </ClCompile>
    <ClCompile Include="debug_init.cpp">
      <Filter>Source Files</Filter>
    </ClCompile>
    <ClCompile Include="debug_read_proc_file.cpp">
      <Filter>Source Files</Filter>
    </ClCompile>
    <ClCompile Include="DumpRamFile.cpp">
      <Filter>Source Files</Filter>
    </ClCompile>
    <ClCompile Include="DumpSymbols.cpp">
      <Filter>Source Files</Filter>
    </ClCompile>
    <ClCompile Include="IPSend.cpp">
      <Filter>Source Files</Filter>
    </ClCompile>
    <ClCompile Include="isPowerOfTwo.cpp">
      <Filter>Source Files</Filter>
    </ClCompile>
    <ClCompile Include="jtrbacktrace.cpp">
      <Filter>Source Files</Filter>
    </ClCompile>
    <ClCompile Include="jtrunwind.cpp">
      <Filter>Source Files</Filter>
    </ClCompile>
    <ClCompile Include="NewLine.cpp">
      <Filter>Source Files</Filter>
    </ClCompile>
    <ClCompile Include="OpenDebugDevice.cpp">
      <Filter>Source Files</Filter>
    </ClCompile>
    <ClCompile Include="OpenTCPport.cpp">
      <Filter>Source Files</Filter>
    </ClCompile>
    <ClCompile Include="SaveStringInHeap.cpp">
      <Filter>Source Files</Filter>
    </ClCompile>
    <ClCompile Include="ScrollScreenBuffer.cpp">
      <Filter>Source Files</Filter>
    </ClCompile>
    <ClCompile Include="SetUpDebugConsole.cpp">
      <Filter>Source Files</Filter>
    </ClCompile>
    <ClCompile Include="set_debug_device.cpp">
      <Filter>Source Files</Filter>
    </ClCompile>
    <ClCompile Include="StripCSI.cpp">
      <Filter>Source Files</Filter>
    </ClCompile>
  </ItemGroup>
  <ItemGroup>
    <ClInclude Include="debug.h">
      <Filter>Header Files</Filter>
    </ClInclude>
    <ClInclude Include="debug01.h">
      <Filter>Header Files</Filter>
    </ClInclude>
  </ItemGroup>
</Project>